
Microsoft Visual Studio Solution File, Format Version 12.00
# Visual Studio 15
VisualStudioVersion = 15.0.27428.2037
MinimumVisualStudioVersion = 10.0.40219.1
Project("{9A19103F-16F7-4668-BE54-9A1E7A4F7556}") = "ThunderED", "ThunderED\ThunderED.csproj", "{3F2BC1E5-94A6-4E27-A711-43A8050D18FB}"
EndProject
Project("{2150E333-8FDC-42A3-9474-1A3956D46DE8}") = "Solution Items", "Solution Items", "{5599E2F4-09A2-4585-85ED-829515B56E25}"
	ProjectSection(SolutionItems) = preProject
		appveyor.yml = appveyor.yml
		readme.md = readme.md
		Version.cs = Version.cs
		version.txt = version.txt
	EndProjectSection
EndProject
Project("{9A19103F-16F7-4668-BE54-9A1E7A4F7556}") = "TED_ChatRelay", "TED_ChatRelay\TED_ChatRelay.csproj", "{1DD85C26-2999-4E8D-A6E7-3C6256E2E792}"
EndProject
Project("{FAE04EC0-301F-11D3-BF4B-00C04F79EFBC}") = "TED_ConfigEditor", "TED_ConfigEditor\TED_ConfigEditor.csproj", "{004EDB05-71E9-4989-B71C-7CB6BABB5203}"
EndProject
Global
	GlobalSection(SolutionConfigurationPlatforms) = preSolution
		Debug|Any CPU = Debug|Any CPU
		Release|Any CPU = Release|Any CPU
	EndGlobalSection
	GlobalSection(ProjectConfigurationPlatforms) = postSolution
		{3F2BC1E5-94A6-4E27-A711-43A8050D18FB}.Debug|Any CPU.ActiveCfg = Debug|Any CPU
		{3F2BC1E5-94A6-4E27-A711-43A8050D18FB}.Debug|Any CPU.Build.0 = Debug|Any CPU
		{3F2BC1E5-94A6-4E27-A711-43A8050D18FB}.Release|Any CPU.ActiveCfg = Release|Any CPU
		{3F2BC1E5-94A6-4E27-A711-43A8050D18FB}.Release|Any CPU.Build.0 = Release|Any CPU
		{1DD85C26-2999-4E8D-A6E7-3C6256E2E792}.Debug|Any CPU.ActiveCfg = Debug|Any CPU
		{1DD85C26-2999-4E8D-A6E7-3C6256E2E792}.Debug|Any CPU.Build.0 = Debug|Any CPU
		{1DD85C26-2999-4E8D-A6E7-3C6256E2E792}.Release|Any CPU.ActiveCfg = Release|Any CPU
		{1DD85C26-2999-4E8D-A6E7-3C6256E2E792}.Release|Any CPU.Build.0 = Release|Any CPU
		{004EDB05-71E9-4989-B71C-7CB6BABB5203}.Debug|Any CPU.ActiveCfg = Debug|Any CPU
		{004EDB05-71E9-4989-B71C-7CB6BABB5203}.Debug|Any CPU.Build.0 = Debug|Any CPU
		{004EDB05-71E9-4989-B71C-7CB6BABB5203}.Release|Any CPU.ActiveCfg = Release|Any CPU
		{004EDB05-71E9-4989-B71C-7CB6BABB5203}.Release|Any CPU.Build.0 = Release|Any CPU
	EndGlobalSection
	GlobalSection(SolutionProperties) = preSolution
		HideSolutionNode = FALSE
	EndGlobalSection
	GlobalSection(ExtensibilityGlobals) = postSolution
		SolutionGuid = {B75536A6-C364-4728-8505-9C629049B9E5}
	EndGlobalSection
EndGlobal
