
Microsoft Visual Studio Solution File, Format Version 12.00
# Visual Studio Version 16
VisualStudioVersion = 16.0.28803.352
MinimumVisualStudioVersion = 10.0.40219.1
Project("{9A19103F-16F7-4668-BE54-9A1E7A4F7556}") = "ThunderED", "ThunderED\ThunderED.csproj", "{3F2BC1E5-94A6-4E27-A711-43A8050D18FB}"
	ProjectSection(ProjectDependencies) = postProject
		{2AD8E3BD-14E0-4FFB-AE2F-F2FFC8480488} = {2AD8E3BD-14E0-4FFB-AE2F-F2FFC8480488}
	EndProjectSection
EndProject
Project("{2150E333-8FDC-42A3-9474-1A3956D46DE8}") = "Solution Items", "Solution Items", "{5599E2F4-09A2-4585-85ED-829515B56E25}"
	ProjectSection(SolutionItems) = preProject
		.gitignore = .gitignore
		appveyor.yml = appveyor.yml
		Dockerfile = Dockerfile
		LICENSE = LICENSE
		readme.md = readme.md
		Version.cs = Version.cs
		version.txt = version.txt
	EndProjectSection
EndProject
Project("{9A19103F-16F7-4668-BE54-9A1E7A4F7556}") = "TED_ChatRelay", "TED_ChatRelay\TED_ChatRelay.csproj", "{1DD85C26-2999-4E8D-A6E7-3C6256E2E792}"
EndProject
Project("{FAE04EC0-301F-11D3-BF4B-00C04F79EFBC}") = "TED_ConfigEditor", "TED_ConfigEditor\TED_ConfigEditor.csproj", "{004EDB05-71E9-4989-B71C-7CB6BABB5203}"
EndProject
Project("{9A19103F-16F7-4668-BE54-9A1E7A4F7556}") = "ThunderED.Tests", "ThunderED.Tests\ThunderED.Tests.csproj", "{51109563-90B0-4103-9DBE-7E81ED5A4CE9}"
EndProject
Project("{9A19103F-16F7-4668-BE54-9A1E7A4F7556}") = "Restarter", "Restarter\Restarter.csproj", "{2AD8E3BD-14E0-4FFB-AE2F-F2FFC8480488}"
EndProject
Project("{2150E333-8FDC-42A3-9474-1A3956D46DE8}") = "External", "External", "{73AB9671-7CBD-44AE-A942-C1A6B9B32E1D}"
EndProject
Project("{9A19103F-16F7-4668-BE54-9A1E7A4F7556}") = "Discord.Net.Core", "..\Discord.Net-dev\src\Discord.Net.Core\Discord.Net.Core.csproj", "{9F3BA842-8692-46D1-A5CF-19A6585B31A5}"
EndProject
Project("{9A19103F-16F7-4668-BE54-9A1E7A4F7556}") = "Discord.Net.Rest", "..\Discord.Net-dev\src\Discord.Net.Rest\Discord.Net.Rest.csproj", "{B1A8766C-CDB5-4409-8ADA-0440E894274E}"
EndProject
Project("{9A19103F-16F7-4668-BE54-9A1E7A4F7556}") = "Discord.Net.WebSocket", "..\Discord.Net-dev\src\Discord.Net.WebSocket\Discord.Net.WebSocket.csproj", "{D26579C0-07AA-4EEC-AF81-132FA15BC07F}"
EndProject
Project("{9A19103F-16F7-4668-BE54-9A1E7A4F7556}") = "Discord.Net.Commands", "..\Discord.Net-dev\src\Discord.Net.Commands\Discord.Net.Commands.csproj", "{77408A85-60CE-46E0-97A1-9B0358A026AA}"
EndProject
Project("{2150E333-8FDC-42A3-9474-1A3956D46DE8}") = "ExternalLibraries", "ExternalLibraries", "{DB096FC7-455C-41A2-B046-1B5A1726134A}"
	ProjectSection(SolutionItems) = preProject
		ExternalLibraries\Discord.Net.Commands.dll = ExternalLibraries\Discord.Net.Commands.dll
		ExternalLibraries\Discord.Net.Commands.pdb = ExternalLibraries\Discord.Net.Commands.pdb
		ExternalLibraries\Discord.Net.Core.dll = ExternalLibraries\Discord.Net.Core.dll
		ExternalLibraries\Discord.Net.Core.pdb = ExternalLibraries\Discord.Net.Core.pdb
		ExternalLibraries\Discord.Net.Rest.dll = ExternalLibraries\Discord.Net.Rest.dll
		ExternalLibraries\Discord.Net.Rest.pdb = ExternalLibraries\Discord.Net.Rest.pdb
		ExternalLibraries\Discord.Net.WebSocket.dll = ExternalLibraries\Discord.Net.WebSocket.dll
		ExternalLibraries\Discord.Net.WebSocket.pdb = ExternalLibraries\Discord.Net.WebSocket.pdb
	EndProjectSection
EndProject
Project("{9A19103F-16F7-4668-BE54-9A1E7A4F7556}") = "ThunderED.DB", "ThunderED.DB\ThunderED.DB.csproj", "{A0315FD6-EA28-4458-94EC-0F9CA9C9F04D}"
EndProject
Project("{9A19103F-16F7-4668-BE54-9A1E7A4F7556}") = "THDWebServer", "THDWebServer\THDWebServer.csproj", "{C519BC1A-6488-4763-ACD0-E2FF5771C48E}"
EndProject
Project("{FAE04EC0-301F-11D3-BF4B-00C04F79EFBC}") = "ThunderED.Shared", "ThunderED.Shared\ThunderED.Shared.csproj", "{62F687C1-159B-4209-9352-43EA76716521}"
EndProject
Global
	GlobalSection(SolutionConfigurationPlatforms) = preSolution
		Debug|Any CPU = Debug|Any CPU
		DebugNoReg|Any CPU = DebugNoReg|Any CPU
		Release|Any CPU = Release|Any CPU
	EndGlobalSection
	GlobalSection(ProjectConfigurationPlatforms) = postSolution
		{3F2BC1E5-94A6-4E27-A711-43A8050D18FB}.Debug|Any CPU.ActiveCfg = Debug|Any CPU
		{3F2BC1E5-94A6-4E27-A711-43A8050D18FB}.Debug|Any CPU.Build.0 = Debug|Any CPU
		{3F2BC1E5-94A6-4E27-A711-43A8050D18FB}.DebugNoReg|Any CPU.ActiveCfg = DebugNoReg|Any CPU
		{3F2BC1E5-94A6-4E27-A711-43A8050D18FB}.DebugNoReg|Any CPU.Build.0 = DebugNoReg|Any CPU
		{3F2BC1E5-94A6-4E27-A711-43A8050D18FB}.Release|Any CPU.ActiveCfg = Release|Any CPU
		{3F2BC1E5-94A6-4E27-A711-43A8050D18FB}.Release|Any CPU.Build.0 = Release|Any CPU
		{1DD85C26-2999-4E8D-A6E7-3C6256E2E792}.Debug|Any CPU.ActiveCfg = Debug|Any CPU
		{1DD85C26-2999-4E8D-A6E7-3C6256E2E792}.Debug|Any CPU.Build.0 = Debug|Any CPU
		{1DD85C26-2999-4E8D-A6E7-3C6256E2E792}.DebugNoReg|Any CPU.ActiveCfg = Debug|Any CPU
		{1DD85C26-2999-4E8D-A6E7-3C6256E2E792}.DebugNoReg|Any CPU.Build.0 = Debug|Any CPU
		{1DD85C26-2999-4E8D-A6E7-3C6256E2E792}.Release|Any CPU.ActiveCfg = Release|Any CPU
		{1DD85C26-2999-4E8D-A6E7-3C6256E2E792}.Release|Any CPU.Build.0 = Release|Any CPU
		{004EDB05-71E9-4989-B71C-7CB6BABB5203}.Debug|Any CPU.ActiveCfg = Debug|Any CPU
		{004EDB05-71E9-4989-B71C-7CB6BABB5203}.DebugNoReg|Any CPU.ActiveCfg = Debug|Any CPU
		{004EDB05-71E9-4989-B71C-7CB6BABB5203}.DebugNoReg|Any CPU.Build.0 = Debug|Any CPU
		{004EDB05-71E9-4989-B71C-7CB6BABB5203}.Release|Any CPU.ActiveCfg = Release|Any CPU
		{004EDB05-71E9-4989-B71C-7CB6BABB5203}.Release|Any CPU.Build.0 = Release|Any CPU
		{51109563-90B0-4103-9DBE-7E81ED5A4CE9}.Debug|Any CPU.ActiveCfg = Debug|Any CPU
		{51109563-90B0-4103-9DBE-7E81ED5A4CE9}.Debug|Any CPU.Build.0 = Debug|Any CPU
		{51109563-90B0-4103-9DBE-7E81ED5A4CE9}.DebugNoReg|Any CPU.ActiveCfg = Debug|Any CPU
		{51109563-90B0-4103-9DBE-7E81ED5A4CE9}.DebugNoReg|Any CPU.Build.0 = Debug|Any CPU
		{51109563-90B0-4103-9DBE-7E81ED5A4CE9}.Release|Any CPU.ActiveCfg = Release|Any CPU
		{51109563-90B0-4103-9DBE-7E81ED5A4CE9}.Release|Any CPU.Build.0 = Release|Any CPU
		{2AD8E3BD-14E0-4FFB-AE2F-F2FFC8480488}.Debug|Any CPU.ActiveCfg = Debug|Any CPU
		{2AD8E3BD-14E0-4FFB-AE2F-F2FFC8480488}.Debug|Any CPU.Build.0 = Debug|Any CPU
		{2AD8E3BD-14E0-4FFB-AE2F-F2FFC8480488}.DebugNoReg|Any CPU.ActiveCfg = Debug|Any CPU
		{2AD8E3BD-14E0-4FFB-AE2F-F2FFC8480488}.DebugNoReg|Any CPU.Build.0 = Debug|Any CPU
		{2AD8E3BD-14E0-4FFB-AE2F-F2FFC8480488}.Release|Any CPU.ActiveCfg = Release|Any CPU
		{2AD8E3BD-14E0-4FFB-AE2F-F2FFC8480488}.Release|Any CPU.Build.0 = Release|Any CPU
		{9F3BA842-8692-46D1-A5CF-19A6585B31A5}.Debug|Any CPU.ActiveCfg = Debug|Any CPU
		{9F3BA842-8692-46D1-A5CF-19A6585B31A5}.Debug|Any CPU.Build.0 = Debug|Any CPU
		{9F3BA842-8692-46D1-A5CF-19A6585B31A5}.DebugNoReg|Any CPU.ActiveCfg = Debug|Any CPU
		{9F3BA842-8692-46D1-A5CF-19A6585B31A5}.DebugNoReg|Any CPU.Build.0 = Debug|Any CPU
		{9F3BA842-8692-46D1-A5CF-19A6585B31A5}.Release|Any CPU.ActiveCfg = Release|Any CPU
		{9F3BA842-8692-46D1-A5CF-19A6585B31A5}.Release|Any CPU.Build.0 = Release|Any CPU
		{B1A8766C-CDB5-4409-8ADA-0440E894274E}.Debug|Any CPU.ActiveCfg = Debug|Any CPU
		{B1A8766C-CDB5-4409-8ADA-0440E894274E}.Debug|Any CPU.Build.0 = Debug|Any CPU
		{B1A8766C-CDB5-4409-8ADA-0440E894274E}.DebugNoReg|Any CPU.ActiveCfg = Debug|Any CPU
		{B1A8766C-CDB5-4409-8ADA-0440E894274E}.DebugNoReg|Any CPU.Build.0 = Debug|Any CPU
		{B1A8766C-CDB5-4409-8ADA-0440E894274E}.Release|Any CPU.ActiveCfg = Release|Any CPU
		{B1A8766C-CDB5-4409-8ADA-0440E894274E}.Release|Any CPU.Build.0 = Release|Any CPU
		{D26579C0-07AA-4EEC-AF81-132FA15BC07F}.Debug|Any CPU.ActiveCfg = Debug|Any CPU
		{D26579C0-07AA-4EEC-AF81-132FA15BC07F}.Debug|Any CPU.Build.0 = Debug|Any CPU
		{D26579C0-07AA-4EEC-AF81-132FA15BC07F}.DebugNoReg|Any CPU.ActiveCfg = Debug|Any CPU
		{D26579C0-07AA-4EEC-AF81-132FA15BC07F}.DebugNoReg|Any CPU.Build.0 = Debug|Any CPU
		{D26579C0-07AA-4EEC-AF81-132FA15BC07F}.Release|Any CPU.ActiveCfg = Release|Any CPU
		{D26579C0-07AA-4EEC-AF81-132FA15BC07F}.Release|Any CPU.Build.0 = Release|Any CPU
		{77408A85-60CE-46E0-97A1-9B0358A026AA}.Debug|Any CPU.ActiveCfg = Debug|Any CPU
		{77408A85-60CE-46E0-97A1-9B0358A026AA}.Debug|Any CPU.Build.0 = Debug|Any CPU
		{77408A85-60CE-46E0-97A1-9B0358A026AA}.DebugNoReg|Any CPU.ActiveCfg = Debug|Any CPU
		{77408A85-60CE-46E0-97A1-9B0358A026AA}.DebugNoReg|Any CPU.Build.0 = Debug|Any CPU
		{77408A85-60CE-46E0-97A1-9B0358A026AA}.Release|Any CPU.ActiveCfg = Release|Any CPU
		{77408A85-60CE-46E0-97A1-9B0358A026AA}.Release|Any CPU.Build.0 = Release|Any CPU
		{A0315FD6-EA28-4458-94EC-0F9CA9C9F04D}.Debug|Any CPU.ActiveCfg = Debug|Any CPU
		{A0315FD6-EA28-4458-94EC-0F9CA9C9F04D}.Debug|Any CPU.Build.0 = Debug|Any CPU
		{A0315FD6-EA28-4458-94EC-0F9CA9C9F04D}.DebugNoReg|Any CPU.ActiveCfg = Debug|Any CPU
		{A0315FD6-EA28-4458-94EC-0F9CA9C9F04D}.DebugNoReg|Any CPU.Build.0 = Debug|Any CPU
		{A0315FD6-EA28-4458-94EC-0F9CA9C9F04D}.Release|Any CPU.ActiveCfg = Release|Any CPU
		{A0315FD6-EA28-4458-94EC-0F9CA9C9F04D}.Release|Any CPU.Build.0 = Release|Any CPU
		{C519BC1A-6488-4763-ACD0-E2FF5771C48E}.Debug|Any CPU.ActiveCfg = Debug|Any CPU
		{C519BC1A-6488-4763-ACD0-E2FF5771C48E}.Debug|Any CPU.Build.0 = Debug|Any CPU
		{C519BC1A-6488-4763-ACD0-E2FF5771C48E}.DebugNoReg|Any CPU.ActiveCfg = DebugNoReg|Any CPU
		{C519BC1A-6488-4763-ACD0-E2FF5771C48E}.DebugNoReg|Any CPU.Build.0 = DebugNoReg|Any CPU
		{C519BC1A-6488-4763-ACD0-E2FF5771C48E}.Release|Any CPU.ActiveCfg = Release|Any CPU
		{C519BC1A-6488-4763-ACD0-E2FF5771C48E}.Release|Any CPU.Build.0 = Release|Any CPU
		{62F687C1-159B-4209-9352-43EA76716521}.Debug|Any CPU.ActiveCfg = Debug|Any CPU
		{62F687C1-159B-4209-9352-43EA76716521}.Debug|Any CPU.Build.0 = Debug|Any CPU
		{62F687C1-159B-4209-9352-43EA76716521}.DebugNoReg|Any CPU.ActiveCfg = Debug|Any CPU
		{62F687C1-159B-4209-9352-43EA76716521}.DebugNoReg|Any CPU.Build.0 = Debug|Any CPU
		{62F687C1-159B-4209-9352-43EA76716521}.Release|Any CPU.ActiveCfg = Release|Any CPU
		{62F687C1-159B-4209-9352-43EA76716521}.Release|Any CPU.Build.0 = Release|Any CPU
	EndGlobalSection
	GlobalSection(SolutionProperties) = preSolution
		HideSolutionNode = FALSE
	EndGlobalSection
	GlobalSection(NestedProjects) = preSolution
		{9F3BA842-8692-46D1-A5CF-19A6585B31A5} = {73AB9671-7CBD-44AE-A942-C1A6B9B32E1D}
		{B1A8766C-CDB5-4409-8ADA-0440E894274E} = {73AB9671-7CBD-44AE-A942-C1A6B9B32E1D}
		{D26579C0-07AA-4EEC-AF81-132FA15BC07F} = {73AB9671-7CBD-44AE-A942-C1A6B9B32E1D}
		{77408A85-60CE-46E0-97A1-9B0358A026AA} = {73AB9671-7CBD-44AE-A942-C1A6B9B32E1D}
		{DB096FC7-455C-41A2-B046-1B5A1726134A} = {5599E2F4-09A2-4585-85ED-829515B56E25}
	EndGlobalSection
	GlobalSection(ExtensibilityGlobals) = postSolution
		SolutionGuid = {B75536A6-C364-4728-8505-9C629049B9E5}
	EndGlobalSection
EndGlobal
